
Microsoft Visual Studio Solution File, Format Version 12.00
# Visual Studio Version 17
VisualStudioVersion = 17.2.32422.2
MinimumVisualStudioVersion = 10.0.40219.1
Project("{8BC9CEB8-8B4A-11D0-8D11-00A0C91BC942}") = "null-sdk", "null-sdk.vcxproj", "{F7A10A5C-0FAE-424B-8F2B-6CC4E4D898D1}"
EndProject
Project("{8BC9CEB8-8B4A-11D0-8D11-00A0C91BC942}") = "win-utils", "examples\win-utils\win-utils.vcxproj", "{4D0B61D1-1831-471E-ADFE-D0E30DE1626B}"
EndProject
Project("{2150E333-8FDC-42A3-9474-1A3956D46DE8}") = "examples", "examples", "{9EBC70E3-60BE-414E-A51C-0F8BB096CFD1}"
EndProject
Project("{8BC9CEB8-8B4A-11D0-8D11-00A0C91BC942}") = "callbacks", "examples\callbacks\callbacks.vcxproj", "{89CFD0B0-57E6-4C44-9639-0A838E0C9B74}"
EndProject
Project("{8BC9CEB8-8B4A-11D0-8D11-00A0C91BC942}") = "wrapper-dll", "examples\wrapper-dll\wrapper-dll.vcxproj", "{D15B09AA-42C2-4DFB-8053-189390DE1B80}"
EndProject
Project("{8BC9CEB8-8B4A-11D0-8D11-00A0C91BC942}") = "minhook-wrapper", "examples\minhook-wrapper\minhook-wrapper.vcxproj", "{D0F8303C-E690-497B-9F37-D496E3332577}"
EndProject
Project("{8BC9CEB8-8B4A-11D0-8D11-00A0C91BC942}") = "commands", "examples\commands\commands.vcxproj", "{4CA2F77C-1BCA-4D7C-896C-16957C575B45}"
EndProject
Global
	GlobalSection(SolutionConfigurationPlatforms) = preSolution
		debug|x64 = debug|x64
		debug|x86 = debug|x86
		release|x64 = release|x64
		release|x86 = release|x86
	EndGlobalSection
	GlobalSection(ProjectConfigurationPlatforms) = postSolution
		{F7A10A5C-0FAE-424B-8F2B-6CC4E4D898D1}.debug|x64.ActiveCfg = debug|x64
		{F7A10A5C-0FAE-424B-8F2B-6CC4E4D898D1}.debug|x64.Build.0 = debug|x64
		{F7A10A5C-0FAE-424B-8F2B-6CC4E4D898D1}.debug|x86.ActiveCfg = debug|Win32
		{F7A10A5C-0FAE-424B-8F2B-6CC4E4D898D1}.debug|x86.Build.0 = debug|Win32
		{F7A10A5C-0FAE-424B-8F2B-6CC4E4D898D1}.release|x64.ActiveCfg = release|x64
		{F7A10A5C-0FAE-424B-8F2B-6CC4E4D898D1}.release|x64.Build.0 = release|x64
		{F7A10A5C-0FAE-424B-8F2B-6CC4E4D898D1}.release|x86.ActiveCfg = release|Win32
		{F7A10A5C-0FAE-424B-8F2B-6CC4E4D898D1}.release|x86.Build.0 = release|Win32
		{4D0B61D1-1831-471E-ADFE-D0E30DE1626B}.debug|x64.ActiveCfg = debug|x64
		{4D0B61D1-1831-471E-ADFE-D0E30DE1626B}.debug|x64.Build.0 = debug|x64
		{4D0B61D1-1831-471E-ADFE-D0E30DE1626B}.debug|x86.ActiveCfg = debug|Win32
		{4D0B61D1-1831-471E-ADFE-D0E30DE1626B}.debug|x86.Build.0 = debug|Win32
		{4D0B61D1-1831-471E-ADFE-D0E30DE1626B}.release|x64.ActiveCfg = release|x64
		{4D0B61D1-1831-471E-ADFE-D0E30DE1626B}.release|x64.Build.0 = release|x64
		{4D0B61D1-1831-471E-ADFE-D0E30DE1626B}.release|x86.ActiveCfg = release|Win32
		{4D0B61D1-1831-471E-ADFE-D0E30DE1626B}.release|x86.Build.0 = release|Win32
		{89CFD0B0-57E6-4C44-9639-0A838E0C9B74}.debug|x64.ActiveCfg = debug|x64
		{89CFD0B0-57E6-4C44-9639-0A838E0C9B74}.debug|x64.Build.0 = debug|x64
		{89CFD0B0-57E6-4C44-9639-0A838E0C9B74}.debug|x86.ActiveCfg = debug|Win32
		{89CFD0B0-57E6-4C44-9639-0A838E0C9B74}.debug|x86.Build.0 = debug|Win32
		{89CFD0B0-57E6-4C44-9639-0A838E0C9B74}.release|x64.ActiveCfg = release|x64
		{89CFD0B0-57E6-4C44-9639-0A838E0C9B74}.release|x64.Build.0 = release|x64
		{89CFD0B0-57E6-4C44-9639-0A838E0C9B74}.release|x86.ActiveCfg = release|Win32
		{89CFD0B0-57E6-4C44-9639-0A838E0C9B74}.release|x86.Build.0 = release|Win32
		{D15B09AA-42C2-4DFB-8053-189390DE1B80}.debug|x64.ActiveCfg = debug|x64
		{D15B09AA-42C2-4DFB-8053-189390DE1B80}.debug|x64.Build.0 = debug|x64
		{D15B09AA-42C2-4DFB-8053-189390DE1B80}.debug|x86.ActiveCfg = debug|Win32
		{D15B09AA-42C2-4DFB-8053-189390DE1B80}.debug|x86.Build.0 = debug|Win32
		{D15B09AA-42C2-4DFB-8053-189390DE1B80}.release|x64.ActiveCfg = release|x64
		{D15B09AA-42C2-4DFB-8053-189390DE1B80}.release|x64.Build.0 = release|x64
		{D15B09AA-42C2-4DFB-8053-189390DE1B80}.release|x86.ActiveCfg = release|Win32
		{D15B09AA-42C2-4DFB-8053-189390DE1B80}.release|x86.Build.0 = release|Win32
		{D0F8303C-E690-497B-9F37-D496E3332577}.debug|x64.ActiveCfg = debug|x64
		{D0F8303C-E690-497B-9F37-D496E3332577}.debug|x64.Build.0 = debug|x64
		{D0F8303C-E690-497B-9F37-D496E3332577}.debug|x86.ActiveCfg = debug|Win32
		{D0F8303C-E690-497B-9F37-D496E3332577}.debug|x86.Build.0 = debug|Win32
		{D0F8303C-E690-497B-9F37-D496E3332577}.release|x64.ActiveCfg = release|x64
		{D0F8303C-E690-497B-9F37-D496E3332577}.release|x64.Build.0 = release|x64
		{D0F8303C-E690-497B-9F37-D496E3332577}.release|x86.ActiveCfg = release|Win32
		{D0F8303C-E690-497B-9F37-D496E3332577}.release|x86.Build.0 = release|Win32
		{4CA2F77C-1BCA-4D7C-896C-16957C575B45}.debug|x64.ActiveCfg = debug|x64
		{4CA2F77C-1BCA-4D7C-896C-16957C575B45}.debug|x64.Build.0 = debug|x64
		{4CA2F77C-1BCA-4D7C-896C-16957C575B45}.debug|x86.ActiveCfg = debug|Win32
		{4CA2F77C-1BCA-4D7C-896C-16957C575B45}.debug|x86.Build.0 = debug|Win32
		{4CA2F77C-1BCA-4D7C-896C-16957C575B45}.release|x64.ActiveCfg = release|x64
		{4CA2F77C-1BCA-4D7C-896C-16957C575B45}.release|x64.Build.0 = release|x64
		{4CA2F77C-1BCA-4D7C-896C-16957C575B45}.release|x86.ActiveCfg = release|Win32
		{4CA2F77C-1BCA-4D7C-896C-16957C575B45}.release|x86.Build.0 = release|Win32
	EndGlobalSection
	GlobalSection(SolutionProperties) = preSolution
		HideSolutionNode = FALSE
	EndGlobalSection
	GlobalSection(NestedProjects) = preSolution
		{4D0B61D1-1831-471E-ADFE-D0E30DE1626B} = {9EBC70E3-60BE-414E-A51C-0F8BB096CFD1}
		{89CFD0B0-57E6-4C44-9639-0A838E0C9B74} = {9EBC70E3-60BE-414E-A51C-0F8BB096CFD1}
		{D15B09AA-42C2-4DFB-8053-189390DE1B80} = {9EBC70E3-60BE-414E-A51C-0F8BB096CFD1}
		{D0F8303C-E690-497B-9F37-D496E3332577} = {9EBC70E3-60BE-414E-A51C-0F8BB096CFD1}
		{4CA2F77C-1BCA-4D7C-896C-16957C575B45} = {9EBC70E3-60BE-414E-A51C-0F8BB096CFD1}
	EndGlobalSection
	GlobalSection(ExtensibilityGlobals) = postSolution
		SolutionGuid = {8E157402-D310-4C20-B49B-36E839222464}
	EndGlobalSection
EndGlobal
