<?xml version="1.0" encoding="utf-8"?>
<Project ToolsVersion="4.0" xmlns="http://schemas.microsoft.com/developer/msbuild/2003">
  <ItemGroup>
    <Filter Include="src">
      <UniqueIdentifier>{d11addc5-089b-4237-a3dd-c21f8f81dcf1}</UniqueIdentifier>
    </Filter>
    <Filter Include="src\data-types">
      <UniqueIdentifier>{a7589b3c-f521-4b77-bc14-802f226fa1d6}</UniqueIdentifier>
    </Filter>
    <Filter Include="src\utils">
      <UniqueIdentifier>{0a888b4a-4f43-4ec7-abfb-ca3b83e71caf}</UniqueIdentifier>
    </Filter>
  </ItemGroup>
  <ItemGroup>
    <ClInclude Include="src\fast_operators.h">
      <Filter>src</Filter>
    </ClInclude>
  </ItemGroup>
  <ItemGroup>
    <ClCompile Include="src\data-types\color.ixx">
      <Filter>src\data-types</Filter>
    </ClCompile>
    <ClCompile Include="src\data-types\rect.ixx">
      <Filter>src\data-types</Filter>
    </ClCompile>
    <ClCompile Include="src\data-types\vec2.ixx">
      <Filter>src\data-types</Filter>
    </ClCompile>
    <ClCompile Include="src\null-sdk.ixx">
      <Filter>src</Filter>
    </ClCompile>
    <ClCompile Include="src\utils\win.ixx">
      <Filter>src\utils</Filter>
    </ClCompile>
    <ClCompile Include="src\data-types\callbacks.ixx">
      <Filter>src\data-types</Filter>
    </ClCompile>
    <ClCompile Include="src\utils\enum_reflection.ixx">
      <Filter>src\utils</Filter>
    </ClCompile>
    <ClCompile Include="src\math.ixx">
      <Filter>src</Filter>
    </ClCompile>
  </ItemGroup>
</Project>