<?xml version="1.0" encoding="utf-8"?>
<Project ToolsVersion="4.0" xmlns="http://schemas.microsoft.com/developer/msbuild/2003">
  <ItemGroup>
    <Filter Include="src" />
    <Filter Include="src\data-types" />
    <Filter Include="src\utils" />
    <Filter Include="src\math" />
    <Filter Include="src\utils\win" />
    <Filter Include="src\utils\memory" />
    <Filter Include="src\utils\encoding" />
    <Filter Include="src\utils\time-measurement" />
    <Filter Include="src\utils\memory\module" />
    <Filter Include="src\utils\memory\resource" />
    <Filter Include="src\utils\compatibility" />
    <Filter Include="src\utils\events" />
    <Filter Include="src\utils\logger" />
    <Filter Include="src\data-types\angle" />
    <Filter Include="src\data-types\matrix" />
    <Filter Include="src\data-types\color" />
  </ItemGroup>
  
  <ItemGroup>
    <ClInclude Include="..\src\null-sdk.h">
      <Filter>src</Filter>
    </ClInclude>
    <ClInclude Include="..\src\null-sdk\utils\win\win.h">
      <Filter>src\utils\win</Filter>
    </ClInclude>
    <ClInclude Include="..\src\null-sdk\utils\fast-operators.h">
      <Filter>src\utils</Filter>
    </ClInclude>
    <ClInclude Include="..\src\null-sdk\data-types\callbacks.h">
      <Filter>src\data-types</Filter>
    </ClInclude>
    <ClInclude Include="..\src\null-sdk\data-types\rect.h">
      <Filter>src\data-types</Filter>
    </ClInclude>
    <ClInclude Include="..\src\null-sdk\data-types\vec2.h">
      <Filter>src\data-types</Filter>
    </ClInclude>
    <ClInclude Include="..\src\null-sdk\math\math.h">
      <Filter>src\math</Filter>
    </ClInclude>
    <ClInclude Include="..\src\null-sdk\utils\memory\address.h">
      <Filter>src\utils\memory</Filter>
    </ClInclude>
    <ClInclude Include="..\src\null-sdk\utils\memory\signature.h">
      <Filter>src\utils\memory</Filter>
    </ClInclude>
    <ClInclude Include="..\src\null-sdk\utils\memory\pe-image.h">
      <Filter>src\utils\memory</Filter>
    </ClInclude>
    <ClInclude Include="..\src\null-sdk\utils\memory\minhook-wrapper.h">
      <Filter>src\utils\memory</Filter>
    </ClInclude>
    <ClInclude Include="..\src\null-sdk\data-types\vec3.h">
      <Filter>src\data-types</Filter>
    </ClInclude>
    <ClInclude Include="..\src\null-sdk\utils\encoding\base85.h">
      <Filter>src\utils\encoding</Filter>
    </ClInclude>
    <ClInclude Include="..\src\null-sdk\utils\encoding\encoding.h">
      <Filter>src\utils\encoding</Filter>
    </ClInclude>
    <ClInclude Include="..\src\null-sdk\utils\time-measurement\time-measurement.h">
      <Filter>src\utils\time-measurement</Filter>
    </ClInclude>
    <ClInclude Include="..\src\null-sdk\data-types\vec4.h">
      <Filter>src\data-types</Filter>
    </ClInclude>
    <ClInclude Include="..\src\null-sdk\utils\memory\module\module.h">
      <Filter>src\utils\memory\module</Filter>
    </ClInclude>
    <ClInclude Include="..\src\null-sdk\utils\memory\resource\resource.h">
      <Filter>src\utils\memory\resource</Filter>
    </ClInclude>
    <ClInclude Include="..\src\null-sdk\utils\compatibility\data-type-converter.h">
      <Filter>src\utils\compatibility</Filter>
    </ClInclude>
    <ClInclude Include="..\src\null-sdk\utils\events\events.h">
      <Filter>src\utils\events</Filter>
    </ClInclude>
    <ClInclude Include="..\src\null-sdk\utils\logger\logger.h">
      <Filter>src\utils\logger</Filter>
    </ClInclude>
    <ClInclude Include="..\src\null-sdk\data-types\angle\angle.h">
      <Filter>src\data-types\angle</Filter>
    </ClInclude>
    <ClInclude Include="..\src\null-sdk\math\geometry.h">
      <Filter>src\math</Filter>
    </ClInclude>
    <ClInclude Include="..\src\null-sdk\data-types\matrix\matrix2x2.h">
      <Filter>src\data-types\matrix</Filter>
    </ClInclude>
    <ClInclude Include="..\src\null-sdk\data-types\matrix\matrix4x4.h">
      <Filter>src\data-types\matrix</Filter>
    </ClInclude>
    <ClInclude Include="..\src\null-sdk\data-types\matrix\matrix.h">
      <Filter>src\data-types\matrix</Filter>
    </ClInclude>
    <ClInclude Include="..\src\null-sdk\data-types\matrix\matrix3x3.h">
      <Filter>src\data-types\matrix</Filter>
    </ClInclude>
    <ClInclude Include="..\src\null-sdk\data-types\color\color.h">
      <Filter>src\data-types\color</Filter>
    </ClInclude>
    <ClInclude Include="..\src\null-sdk\data-types\color\hsv.h">
      <Filter>src\data-types\color</Filter>
    </ClInclude>
    <ClInclude Include="..\src\null-sdk\data-types\color\rgba.h">
      <Filter>src\data-types\color</Filter>
    </ClInclude>
    <ClInclude Include="..\src\null-sdk\data-types\angle\euler3d.h">
      <Filter>src\data-types\angle</Filter>
    </ClInclude>
    <ClInclude Include="..\src\null-sdk\data-types\angle\euler2d.h">
      <Filter>src\data-types\angle</Filter>
    </ClInclude>
    <ClInclude Include="..\src\null-sdk\utils\fast-defines.h">
      <Filter>src\utils</Filter>
    </ClInclude>
    <ClInclude Include="..\src\null-sdk\api-defines.h">
      <Filter>src</Filter>
    </ClInclude>
  </ItemGroup>

  <ItemGroup>
    <ClCompile Include="..\src\null-sdk\utils\win\win.cpp">
      <Filter>src\utils\win</Filter>
    </ClCompile>
    <ClCompile Include="..\src\null-sdk\utils\memory\module\module.cpp">
      <Filter>src\utils\memory\module</Filter>
    </ClCompile>
    <ClCompile Include="..\src\null-sdk\utils\logger\logger.cpp">
      <Filter>src\utils\logger</Filter>
    </ClCompile>
    <ClCompile Include="..\src\null-sdk\data-types\angle\angle.cpp">
      <Filter>src\data-types\angle</Filter>
    </ClCompile>
    <ClCompile Include="..\src\null-sdk\utils\memory\resource\resource.cpp">
      <Filter>src\utils\memory\resource</Filter>
    </ClCompile>
  </ItemGroup>

  <ItemGroup>
    <None Include="..\src\null-sdk\utils\memory\module\module.inl">
      <Filter>src\utils\memory\module</Filter>
    </None>
    <None Include="..\src\null-sdk\utils\memory\resource\resource.inl">
      <Filter>src\utils\memory\resource</Filter>
    </None>
  </ItemGroup>
</Project>